
Microsoft Visual Studio Solution File, Format Version 12.00
# Visual Studio 2013
VisualStudioVersion = 12.0.21005.1
MinimumVisualStudioVersion = 10.0.40219.1
Project("{FAE04EC0-301F-11D3-BF4B-00C04F79EFBC}") = "Szyfrowanie DES", "Szyfrowanie DES\Szyfrowanie DES.csproj", "{EE576036-589A-4576-ABB5-DBBAA9EE66C6}"
	ProjectSection(ProjectDependencies) = postProject
		{F230FFCE-A527-4EE7-904D-3E2FCE866EBB} = {F230FFCE-A527-4EE7-904D-3E2FCE866EBB}
	EndProjectSection
EndProject
Project("{8BC9CEB8-8B4A-11D0-8D11-00A0C91BC942}") = "AsemblerDES", "AsemblerDES\AsemblerDES.vcxproj", "{F230FFCE-A527-4EE7-904D-3E2FCE866EBB}"
EndProject
Global
	GlobalSection(SolutionConfigurationPlatforms) = preSolution
		Debug|Any CPU = Debug|Any CPU
		Debug|Mixed Platforms = Debug|Mixed Platforms
		Debug|Win32 = Debug|Win32
		Release|Any CPU = Release|Any CPU
		Release|Mixed Platforms = Release|Mixed Platforms
		Release|Win32 = Release|Win32
	EndGlobalSection
	GlobalSection(ProjectConfigurationPlatforms) = postSolution
		{EE576036-589A-4576-ABB5-DBBAA9EE66C6}.Debug|Any CPU.ActiveCfg = Debug|Any CPU
		{EE576036-589A-4576-ABB5-DBBAA9EE66C6}.Debug|Any CPU.Build.0 = Debug|Any CPU
		{EE576036-589A-4576-ABB5-DBBAA9EE66C6}.Debug|Mixed Platforms.ActiveCfg = Debug|Any CPU
		{EE576036-589A-4576-ABB5-DBBAA9EE66C6}.Debug|Mixed Platforms.Build.0 = Debug|Any CPU
		{EE576036-589A-4576-ABB5-DBBAA9EE66C6}.Debug|Win32.ActiveCfg = Debug|Any CPU
		{EE576036-589A-4576-ABB5-DBBAA9EE66C6}.Release|Any CPU.ActiveCfg = Release|Any CPU
		{EE576036-589A-4576-ABB5-DBBAA9EE66C6}.Release|Any CPU.Build.0 = Release|Any CPU
		{EE576036-589A-4576-ABB5-DBBAA9EE66C6}.Release|Mixed Platforms.ActiveCfg = Release|Any CPU
		{EE576036-589A-4576-ABB5-DBBAA9EE66C6}.Release|Mixed Platforms.Build.0 = Release|Any CPU
		{EE576036-589A-4576-ABB5-DBBAA9EE66C6}.Release|Win32.ActiveCfg = Release|Any CPU
		{F230FFCE-A527-4EE7-904D-3E2FCE866EBB}.Debug|Any CPU.ActiveCfg = Debug|Win32
		{F230FFCE-A527-4EE7-904D-3E2FCE866EBB}.Debug|Mixed Platforms.ActiveCfg = Debug|Win32
		{F230FFCE-A527-4EE7-904D-3E2FCE866EBB}.Debug|Mixed Platforms.Build.0 = Debug|Win32
		{F230FFCE-A527-4EE7-904D-3E2FCE866EBB}.Debug|Win32.ActiveCfg = Debug|Win32
		{F230FFCE-A527-4EE7-904D-3E2FCE866EBB}.Debug|Win32.Build.0 = Debug|Win32
		{F230FFCE-A527-4EE7-904D-3E2FCE866EBB}.Release|Any CPU.ActiveCfg = Release|Win32
		{F230FFCE-A527-4EE7-904D-3E2FCE866EBB}.Release|Mixed Platforms.ActiveCfg = Release|Win32
		{F230FFCE-A527-4EE7-904D-3E2FCE866EBB}.Release|Mixed Platforms.Build.0 = Release|Win32
		{F230FFCE-A527-4EE7-904D-3E2FCE866EBB}.Release|Win32.ActiveCfg = Release|Win32
		{F230FFCE-A527-4EE7-904D-3E2FCE866EBB}.Release|Win32.Build.0 = Release|Win32
	EndGlobalSection
	GlobalSection(SolutionProperties) = preSolution
		HideSolutionNode = FALSE
	EndGlobalSection
EndGlobal
